// !$*UTF8*$!
{
	archiveVersion = 1;
	classes = {
	};
	objectVersion = 55;
	objects = {

/* Begin PBXBuildFile section */
		845AF8F228C605CF00012317 /* AppDelegate.swift in Sources */ = {isa = PBXBuildFile; fileRef = 845AF8F128C605CF00012317 /* AppDelegate.swift */; };
		845AF8F428C605CF00012317 /* SceneDelegate.swift in Sources */ = {isa = PBXBuildFile; fileRef = 845AF8F328C605CF00012317 /* SceneDelegate.swift */; };
		845AF8F628C605CF00012317 /* ViewController.swift in Sources */ = {isa = PBXBuildFile; fileRef = 845AF8F528C605CF00012317 /* ViewController.swift */; };
		845AF8F928C605CF00012317 /* Main.storyboard in Resources */ = {isa = PBXBuildFile; fileRef = 845AF8F728C605CF00012317 /* Main.storyboard */; };
		845AF8FB28C605D100012317 /* Assets.xcassets in Resources */ = {isa = PBXBuildFile; fileRef = 845AF8FA28C605D100012317 /* Assets.xcassets */; };
		845AF8FE28C605D100012317 /* LaunchScreen.storyboard in Resources */ = {isa = PBXBuildFile; fileRef = 845AF8FC28C605D100012317 /* LaunchScreen.storyboard */; };
		845AF90928C605D100012317 /* AdaptyDigitalClinicTests.swift in Sources */ = {isa = PBXBuildFile; fileRef = 845AF90828C605D100012317 /* AdaptyDigitalClinicTests.swift */; };
		845AF91328C605D100012317 /* AdaptyDigitalClinicUITests.swift in Sources */ = {isa = PBXBuildFile; fileRef = 845AF91228C605D100012317 /* AdaptyDigitalClinicUITests.swift */; };
		845AF91528C605D100012317 /* AdaptyDigitalClinicUITestsLaunchTests.swift in Sources */ = {isa = PBXBuildFile; fileRef = 845AF91428C605D100012317 /* AdaptyDigitalClinicUITestsLaunchTests.swift */; };
/* End PBXBuildFile section */

/* Begin PBXContainerItemProxy section */
		845AF90528C605D100012317 /* PBXContainerItemProxy */ = {
			isa = PBXContainerItemProxy;
			containerPortal = 845AF8E628C605CF00012317 /* Project object */;
			proxyType = 1;
			remoteGlobalIDString = 845AF8ED28C605CF00012317;
			remoteInfo = AdaptyDigitalClinic;
		};
		845AF90F28C605D100012317 /* PBXContainerItemProxy */ = {
			isa = PBXContainerItemProxy;
			containerPortal = 845AF8E628C605CF00012317 /* Project object */;
			proxyType = 1;
			remoteGlobalIDString = 845AF8ED28C605CF00012317;
			remoteInfo = AdaptyDigitalClinic;
		};
/* End PBXContainerItemProxy section */

/* Begin PBXFileReference section */
		845AF8EE28C605CF00012317 /* AdaptyDigitalClinic.app */ = {isa = PBXFileReference; explicitFileType = wrapper.application; includeInIndex = 0; path = AdaptyDigitalClinic.app; sourceTree = BUILT_PRODUCTS_DIR; };
		845AF8F128C605CF00012317 /* AppDelegate.swift */ = {isa = PBXFileReference; lastKnownFileType = sourcecode.swift; path = AppDelegate.swift; sourceTree = "<group>"; };
		845AF8F328C605CF00012317 /* SceneDelegate.swift */ = {isa = PBXFileReference; lastKnownFileType = sourcecode.swift; path = SceneDelegate.swift; sourceTree = "<group>"; };
		845AF8F528C605CF00012317 /* ViewController.swift */ = {isa = PBXFileReference; lastKnownFileType = sourcecode.swift; path = ViewController.swift; sourceTree = "<group>"; };
		845AF8F828C605CF00012317 /* Base */ = {isa = PBXFileReference; lastKnownFileType = file.storyboard; name = Base; path = Base.lproj/Main.storyboard; sourceTree = "<group>"; };
		845AF8FA28C605D100012317 /* Assets.xcassets */ = {isa = PBXFileReference; lastKnownFileType = folder.assetcatalog; path = Assets.xcassets; sourceTree = "<group>"; };
		845AF8FD28C605D100012317 /* Base */ = {isa = PBXFileReference; lastKnownFileType = file.storyboard; name = Base; path = Base.lproj/LaunchScreen.storyboard; sourceTree = "<group>"; };
		845AF8FF28C605D100012317 /* Info.plist */ = {isa = PBXFileReference; lastKnownFileType = text.plist.xml; path = Info.plist; sourceTree = "<group>"; };
		845AF90428C605D100012317 /* AdaptyDigitalClinicTests.xctest */ = {isa = PBXFileReference; explicitFileType = wrapper.cfbundle; includeInIndex = 0; path = AdaptyDigitalClinicTests.xctest; sourceTree = BUILT_PRODUCTS_DIR; };
		845AF90828C605D100012317 /* AdaptyDigitalClinicTests.swift */ = {isa = PBXFileReference; lastKnownFileType = sourcecode.swift; path = AdaptyDigitalClinicTests.swift; sourceTree = "<group>"; };
		845AF90E28C605D100012317 /* AdaptyDigitalClinicUITests.xctest */ = {isa = PBXFileReference; explicitFileType = wrapper.cfbundle; includeInIndex = 0; path = AdaptyDigitalClinicUITests.xctest; sourceTree = BUILT_PRODUCTS_DIR; };
		845AF91228C605D100012317 /* AdaptyDigitalClinicUITests.swift */ = {isa = PBXFileReference; lastKnownFileType = sourcecode.swift; path = AdaptyDigitalClinicUITests.swift; sourceTree = "<group>"; };
		845AF91428C605D100012317 /* AdaptyDigitalClinicUITestsLaunchTests.swift */ = {isa = PBXFileReference; lastKnownFileType = sourcecode.swift; path = AdaptyDigitalClinicUITestsLaunchTests.swift; sourceTree = "<group>"; };
/* End PBXFileReference section */

/* Begin PBXFrameworksBuildPhase section */
		845AF8EB28C605CF00012317 /* Frameworks */ = {
			isa = PBXFrameworksBuildPhase;
			buildActionMask = 2147483647;
			files = (
			);
			runOnlyForDeploymentPostprocessing = 0;
		};
		845AF90128C605D100012317 /* Frameworks */ = {
			isa = PBXFrameworksBuildPhase;
			buildActionMask = 2147483647;
			files = (
			);
			runOnlyForDeploymentPostprocessing = 0;
		};
		845AF90B28C605D100012317 /* Frameworks */ = {
			isa = PBXFrameworksBuildPhase;
			buildActionMask = 2147483647;
			files = (
			);
			runOnlyForDeploymentPostprocessing = 0;
		};
/* End PBXFrameworksBuildPhase section */

/* Begin PBXGroup section */
		845AF8E528C605CF00012317 = {
			isa = PBXGroup;
			children = (
				845AF8F028C605CF00012317 /* AdaptyDigitalClinic */,
				845AF90728C605D100012317 /* AdaptyDigitalClinicTests */,
				845AF91128C605D100012317 /* AdaptyDigitalClinicUITests */,
				845AF8EF28C605CF00012317 /* Products */,
			);
			sourceTree = "<group>";
		};
		845AF8EF28C605CF00012317 /* Products */ = {
			isa = PBXGroup;
			children = (
				845AF8EE28C605CF00012317 /* AdaptyDigitalClinic.app */,
				845AF90428C605D100012317 /* AdaptyDigitalClinicTests.xctest */,
				845AF90E28C605D100012317 /* AdaptyDigitalClinicUITests.xctest */,
			);
			name = Products;
			sourceTree = "<group>";
		};
		845AF8F028C605CF00012317 /* AdaptyDigitalClinic */ = {
			isa = PBXGroup;
			children = (
				845AF8F128C605CF00012317 /* AppDelegate.swift */,
				845AF8F328C605CF00012317 /* SceneDelegate.swift */,
				845AF8F528C605CF00012317 /* ViewController.swift */,
				845AF8F728C605CF00012317 /* Main.storyboard */,
				845AF8FA28C605D100012317 /* Assets.xcassets */,
				845AF8FC28C605D100012317 /* LaunchScreen.storyboard */,
				845AF8FF28C605D100012317 /* Info.plist */,
			);
			path = AdaptyDigitalClinic;
			sourceTree = "<group>";
		};
		845AF90728C605D100012317 /* AdaptyDigitalClinicTests */ = {
			isa = PBXGroup;
			children = (
				845AF90828C605D100012317 /* AdaptyDigitalClinicTests.swift */,
			);
			path = AdaptyDigitalClinicTests;
			sourceTree = "<group>";
		};
		845AF91128C605D100012317 /* AdaptyDigitalClinicUITests */ = {
			isa = PBXGroup;
			children = (
				845AF91228C605D100012317 /* AdaptyDigitalClinicUITests.swift */,
				845AF91428C605D100012317 /* AdaptyDigitalClinicUITestsLaunchTests.swift */,
			);
			path = AdaptyDigitalClinicUITests;
			sourceTree = "<group>";
		};
/* End PBXGroup section */

/* Begin PBXNativeTarget section */
		845AF8ED28C605CF00012317 /* AdaptyDigitalClinic */ = {
			isa = PBXNativeTarget;
			buildConfigurationList = 845AF91828C605D100012317 /* Build configuration list for PBXNativeTarget "AdaptyDigitalClinic" */;
			buildPhases = (
				845AF8EA28C605CF00012317 /* Sources */,
				845AF8EB28C605CF00012317 /* Frameworks */,
				845AF8EC28C605CF00012317 /* Resources */,
			);
			buildRules = (
			);
			dependencies = (
			);
			name = AdaptyDigitalClinic;
			productName = AdaptyDigitalClinic;
			productReference = 845AF8EE28C605CF00012317 /* AdaptyDigitalClinic.app */;
			productType = "com.apple.product-type.application";
		};
		845AF90328C605D100012317 /* AdaptyDigitalClinicTests */ = {
			isa = PBXNativeTarget;
			buildConfigurationList = 845AF91B28C605D100012317 /* Build configuration list for PBXNativeTarget "AdaptyDigitalClinicTests" */;
			buildPhases = (
				845AF90028C605D100012317 /* Sources */,
				845AF90128C605D100012317 /* Frameworks */,
				845AF90228C605D100012317 /* Resources */,
			);
			buildRules = (
			);
			dependencies = (
				845AF90628C605D100012317 /* PBXTargetDependency */,
			);
			name = AdaptyDigitalClinicTests;
			productName = AdaptyDigitalClinicTests;
			productReference = 845AF90428C605D100012317 /* AdaptyDigitalClinicTests.xctest */;
			productType = "com.apple.product-type.bundle.unit-test";
		};
		845AF90D28C605D100012317 /* AdaptyDigitalClinicUITests */ = {
			isa = PBXNativeTarget;
			buildConfigurationList = 845AF91E28C605D100012317 /* Build configuration list for PBXNativeTarget "AdaptyDigitalClinicUITests" */;
			buildPhases = (
				845AF90A28C605D100012317 /* Sources */,
				845AF90B28C605D100012317 /* Frameworks */,
				845AF90C28C605D100012317 /* Resources */,
			);
			buildRules = (
			);
			dependencies = (
				845AF91028C605D100012317 /* PBXTargetDependency */,
			);
			name = AdaptyDigitalClinicUITests;
			productName = AdaptyDigitalClinicUITests;
			productReference = 845AF90E28C605D100012317 /* AdaptyDigitalClinicUITests.xctest */;
			productType = "com.apple.product-type.bundle.ui-testing";
		};
/* End PBXNativeTarget section */

/* Begin PBXProject section */
		845AF8E628C605CF00012317 /* Project object */ = {
			isa = PBXProject;
			attributes = {
				BuildIndependentTargetsInParallel = 1;
				LastSwiftUpdateCheck = 1340;
				LastUpgradeCheck = 1340;
				TargetAttributes = {
					845AF8ED28C605CF00012317 = {
						CreatedOnToolsVersion = 13.4.1;
					};
					845AF90328C605D100012317 = {
						CreatedOnToolsVersion = 13.4.1;
						TestTargetID = 845AF8ED28C605CF00012317;
					};
					845AF90D28C605D100012317 = {
						CreatedOnToolsVersion = 13.4.1;
						TestTargetID = 845AF8ED28C605CF00012317;
					};
				};
			};
			buildConfigurationList = 845AF8E928C605CF00012317 /* Build configuration list for PBXProject "AdaptyDigitalClinic" */;
			compatibilityVersion = "Xcode 13.0";
			developmentRegion = en;
			hasScannedForEncodings = 0;
			knownRegions = (
				en,
				Base,
			);
			mainGroup = 845AF8E528C605CF00012317;
			productRefGroup = 845AF8EF28C605CF00012317 /* Products */;
			projectDirPath = "";
			projectRoot = "";
			targets = (
				845AF8ED28C605CF00012317 /* AdaptyDigitalClinic */,
				845AF90328C605D100012317 /* AdaptyDigitalClinicTests */,
				845AF90D28C605D100012317 /* AdaptyDigitalClinicUITests */,
			);
		};
/* End PBXProject section */

/* Begin PBXResourcesBuildPhase section */
		845AF8EC28C605CF00012317 /* Resources */ = {
			isa = PBXResourcesBuildPhase;
			buildActionMask = 2147483647;
			files = (
				845AF8FE28C605D100012317 /* LaunchScreen.storyboard in Resources */,
				845AF8FB28C605D100012317 /* Assets.xcassets in Resources */,
				845AF8F928C605CF00012317 /* Main.storyboard in Resources */,
			);
			runOnlyForDeploymentPostprocessing = 0;
		};
		845AF90228C605D100012317 /* Resources */ = {
			isa = PBXResourcesBuildPhase;
			buildActionMask = 2147483647;
			files = (
			);
			runOnlyForDeploymentPostprocessing = 0;
		};
		845AF90C28C605D100012317 /* Resources */ = {
			isa = PBXResourcesBuildPhase;
			buildActionMask = 2147483647;
			files = (
			);
			runOnlyForDeploymentPostprocessing = 0;
		};
/* End PBXResourcesBuildPhase section */

/* Begin PBXSourcesBuildPhase section */
		845AF8EA28C605CF00012317 /* Sources */ = {
			isa = PBXSourcesBuildPhase;
			buildActionMask = 2147483647;
			files = (
				845AF8F628C605CF00012317 /* ViewController.swift in Sources */,
				845AF8F228C605CF00012317 /* AppDelegate.swift in Sources */,
				845AF8F428C605CF00012317 /* SceneDelegate.swift in Sources */,
			);
			runOnlyForDeploymentPostprocessing = 0;
		};
		845AF90028C605D100012317 /* Sources */ = {
			isa = PBXSourcesBuildPhase;
			buildActionMask = 2147483647;
			files = (
				845AF90928C605D100012317 /* AdaptyDigitalClinicTests.swift in Sources */,
			);
			runOnlyForDeploymentPostprocessing = 0;
		};
		845AF90A28C605D100012317 /* Sources */ = {
			isa = PBXSourcesBuildPhase;
			buildActionMask = 2147483647;
			files = (
				845AF91528C605D100012317 /* AdaptyDigitalClinicUITestsLaunchTests.swift in Sources */,
				845AF91328C605D100012317 /* AdaptyDigitalClinicUITests.swift in Sources */,
			);
			runOnlyForDeploymentPostprocessing = 0;
		};
/* End PBXSourcesBuildPhase section */

/* Begin PBXTargetDependency section */
		845AF90628C605D100012317 /* PBXTargetDependency */ = {
			isa = PBXTargetDependency;
			target = 845AF8ED28C605CF00012317 /* AdaptyDigitalClinic */;
			targetProxy = 845AF90528C605D100012317 /* PBXContainerItemProxy */;
		};
		845AF91028C605D100012317 /* PBXTargetDependency */ = {
			isa = PBXTargetDependency;
			target = 845AF8ED28C605CF00012317 /* AdaptyDigitalClinic */;
			targetProxy = 845AF90F28C605D100012317 /* PBXContainerItemProxy */;
		};
/* End PBXTargetDependency section */

/* Begin PBXVariantGroup section */
		845AF8F728C605CF00012317 /* Main.storyboard */ = {
			isa = PBXVariantGroup;
			children = (
				845AF8F828C605CF00012317 /* Base */,
			);
			name = Main.storyboard;
			sourceTree = "<group>";
		};
		845AF8FC28C605D100012317 /* LaunchScreen.storyboard */ = {
			isa = PBXVariantGroup;
			children = (
				845AF8FD28C605D100012317 /* Base */,
			);
			name = LaunchScreen.storyboard;
			sourceTree = "<group>";
		};
/* End PBXVariantGroup section */

/* Begin XCBuildConfiguration section */
		845AF91628C605D100012317 /* Debug */ = {
			isa = XCBuildConfiguration;
			buildSettings = {
				ALWAYS_SEARCH_USER_PATHS = NO;
				CLANG_ANALYZER_NONNULL = YES;
				CLANG_ANALYZER_NUMBER_OBJECT_CONVERSION = YES_AGGRESSIVE;
				CLANG_CXX_LANGUAGE_STANDARD = "gnu++17";
				CLANG_ENABLE_MODULES = YES;
				CLANG_ENABLE_OBJC_ARC = YES;
				CLANG_ENABLE_OBJC_WEAK = YES;
				CLANG_WARN_BLOCK_CAPTURE_AUTORELEASING = YES;
				CLANG_WARN_BOOL_CONVERSION = YES;
				CLANG_WARN_COMMA = YES;
				CLANG_WARN_CONSTANT_CONVERSION = YES;
				CLANG_WARN_DEPRECATED_OBJC_IMPLEMENTATIONS = YES;
				CLANG_WARN_DIRECT_OBJC_ISA_USAGE = YES_ERROR;
				CLANG_WARN_DOCUMENTATION_COMMENTS = YES;
				CLANG_WARN_EMPTY_BODY = YES;
				CLANG_WARN_ENUM_CONVERSION = YES;
				CLANG_WARN_INFINITE_RECURSION = YES;
				CLANG_WARN_INT_CONVERSION = YES;
				CLANG_WARN_NON_LITERAL_NULL_CONVERSION = YES;
				CLANG_WARN_OBJC_IMPLICIT_RETAIN_SELF = YES;
				CLANG_WARN_OBJC_LITERAL_CONVERSION = YES;
				CLANG_WARN_OBJC_ROOT_CLASS = YES_ERROR;
				CLANG_WARN_QUOTED_INCLUDE_IN_FRAMEWORK_HEADER = YES;
				CLANG_WARN_RANGE_LOOP_ANALYSIS = YES;
				CLANG_WARN_STRICT_PROTOTYPES = YES;
				CLANG_WARN_SUSPICIOUS_MOVE = YES;
				CLANG_WARN_UNGUARDED_AVAILABILITY = YES_AGGRESSIVE;
				CLANG_WARN_UNREACHABLE_CODE = YES;
				CLANG_WARN__DUPLICATE_METHOD_MATCH = YES;
				COPY_PHASE_STRIP = NO;
				DEBUG_INFORMATION_FORMAT = dwarf;
				ENABLE_STRICT_OBJC_MSGSEND = YES;
				ENABLE_TESTABILITY = YES;
				GCC_C_LANGUAGE_STANDARD = gnu11;
				GCC_DYNAMIC_NO_PIC = NO;
				GCC_NO_COMMON_BLOCKS = YES;
				GCC_OPTIMIZATION_LEVEL = 0;
				GCC_PREPROCESSOR_DEFINITIONS = (
					"DEBUG=1",
					"$(inherited)",
				);
				GCC_WARN_64_TO_32_BIT_CONVERSION = YES;
				GCC_WARN_ABOUT_RETURN_TYPE = YES_ERROR;
				GCC_WARN_UNDECLARED_SELECTOR = YES;
				GCC_WARN_UNINITIALIZED_AUTOS = YES_AGGRESSIVE;
				GCC_WARN_UNUSED_FUNCTION = YES;
				GCC_WARN_UNUSED_VARIABLE = YES;
				IPHONEOS_DEPLOYMENT_TARGET = 15.5;
				MTL_ENABLE_DEBUG_INFO = INCLUDE_SOURCE;
				MTL_FAST_MATH = YES;
				ONLY_ACTIVE_ARCH = YES;
				SDKROOT = iphoneos;
				SWIFT_ACTIVE_COMPILATION_CONDITIONS = DEBUG;
				SWIFT_OPTIMIZATION_LEVEL = "-Onone";
			};
			name = Debug;
		};
		845AF91728C605D100012317 /* Release */ = {
			isa = XCBuildConfiguration;
			buildSettings = {
				ALWAYS_SEARCH_USER_PATHS = NO;
				CLANG_ANALYZER_NONNULL = YES;
				CLANG_ANALYZER_NUMBER_OBJECT_CONVERSION = YES_AGGRESSIVE;
				CLANG_CXX_LANGUAGE_STANDARD = "gnu++17";
				CLANG_ENABLE_MODULES = YES;
				CLANG_ENABLE_OBJC_ARC = YES;
				CLANG_ENABLE_OBJC_WEAK = YES;
				CLANG_WARN_BLOCK_CAPTURE_AUTORELEASING = YES;
				CLANG_WARN_BOOL_CONVERSION = YES;
				CLANG_WARN_COMMA = YES;
				CLANG_WARN_CONSTANT_CONVERSION = YES;
				CLANG_WARN_DEPRECATED_OBJC_IMPLEMENTATIONS = YES;
				CLANG_WARN_DIRECT_OBJC_ISA_USAGE = YES_ERROR;
				CLANG_WARN_DOCUMENTATION_COMMENTS = YES;
				CLANG_WARN_EMPTY_BODY = YES;
				CLANG_WARN_ENUM_CONVERSION = YES;
				CLANG_WARN_INFINITE_RECURSION = YES;
				CLANG_WARN_INT_CONVERSION = YES;
				CLANG_WARN_NON_LITERAL_NULL_CONVERSION = YES;
				CLANG_WARN_OBJC_IMPLICIT_RETAIN_SELF = YES;
				CLANG_WARN_OBJC_LITERAL_CONVERSION = YES;
				CLANG_WARN_OBJC_ROOT_CLASS = YES_ERROR;
				CLANG_WARN_QUOTED_INCLUDE_IN_FRAMEWORK_HEADER = YES;
				CLANG_WARN_RANGE_LOOP_ANALYSIS = YES;
				CLANG_WARN_STRICT_PROTOTYPES = YES;
				CLANG_WARN_SUSPICIOUS_MOVE = YES;
				CLANG_WARN_UNGUARDED_AVAILABILITY = YES_AGGRESSIVE;
				CLANG_WARN_UNREACHABLE_CODE = YES;
				CLANG_WARN__DUPLICATE_METHOD_MATCH = YES;
				COPY_PHASE_STRIP = NO;
				DEBUG_INFORMATION_FORMAT = "dwarf-with-dsym";
				ENABLE_NS_ASSERTIONS = NO;
				ENABLE_STRICT_OBJC_MSGSEND = YES;
				GCC_C_LANGUAGE_STANDARD = gnu11;
				GCC_NO_COMMON_BLOCKS = YES;
				GCC_WARN_64_TO_32_BIT_CONVERSION = YES;
				GCC_WARN_ABOUT_RETURN_TYPE = YES_ERROR;
				GCC_WARN_UNDECLARED_SELECTOR = YES;
				GCC_WARN_UNINITIALIZED_AUTOS = YES_AGGRESSIVE;
				GCC_WARN_UNUSED_FUNCTION = YES;
				GCC_WARN_UNUSED_VARIABLE = YES;
				IPHONEOS_DEPLOYMENT_TARGET = 15.5;
				MTL_ENABLE_DEBUG_INFO = NO;
				MTL_FAST_MATH = YES;
				SDKROOT = iphoneos;
				SWIFT_COMPILATION_MODE = wholemodule;
				SWIFT_OPTIMIZATION_LEVEL = "-O";
				VALIDATE_PRODUCT = YES;
			};
			name = Release;
		};
		845AF91928C605D100012317 /* Debug */ = {
			isa = XCBuildConfiguration;
			buildSettings = {
				ASSETCATALOG_COMPILER_APPICON_NAME = AppIcon;
				ASSETCATALOG_COMPILER_GLOBAL_ACCENT_COLOR_NAME = AccentColor;
				CODE_SIGN_STYLE = Automatic;
				CURRENT_PROJECT_VERSION = 1;
				DEVELOPMENT_TEAM = ZVVTRM5HQ6;
				GENERATE_INFOPLIST_FILE = YES;
				INFOPLIST_FILE = AdaptyDigitalClinic/Info.plist;
				INFOPLIST_KEY_UIApplicationSupportsIndirectInputEvents = YES;
				INFOPLIST_KEY_UILaunchStoryboardName = LaunchScreen;
				INFOPLIST_KEY_UIMainStoryboardFile = Main;
				INFOPLIST_KEY_UISupportedInterfaceOrientations_iPad = "UIInterfaceOrientationPortrait UIInterfaceOrientationPortraitUpsideDown UIInterfaceOrientationLandscapeLeft UIInterfaceOrientationLandscapeRight";
				INFOPLIST_KEY_UISupportedInterfaceOrientations_iPhone = "UIInterfaceOrientationPortrait UIInterfaceOrientationLandscapeLeft UIInterfaceOrientationLandscapeRight";
				LD_RUNPATH_SEARCH_PATHS = (
					"$(inherited)",
					"@executable_path/Frameworks",
				);
				MARKETING_VERSION = 1.0;
				PRODUCT_BUNDLE_IDENTIFIER = com.adapty.AdaptyDigitalClinic;
				PRODUCT_NAME = "$(TARGET_NAME)";
				SWIFT_EMIT_LOC_STRINGS = YES;
				SWIFT_VERSION = 5.0;
				TARGETED_DEVICE_FAMILY = "1,2";
			};
			name = Debug;
		};
		845AF91A28C605D100012317 /* Release */ = {
			isa = XCBuildConfiguration;
			buildSettings = {
				ASSETCATALOG_COMPILER_APPICON_NAME = AppIcon;
				ASSETCATALOG_COMPILER_GLOBAL_ACCENT_COLOR_NAME = AccentColor;
				CODE_SIGN_STYLE = Automatic;
				CURRENT_PROJECT_VERSION = 1;
				DEVELOPMENT_TEAM = ZVVTRM5HQ6;
				GENERATE_INFOPLIST_FILE = YES;
				INFOPLIST_FILE = AdaptyDigitalClinic/Info.plist;
				INFOPLIST_KEY_UIApplicationSupportsIndirectInputEvents = YES;
				INFOPLIST_KEY_UILaunchStoryboardName = LaunchScreen;
				INFOPLIST_KEY_UIMainStoryboardFile = Main;
				INFOPLIST_KEY_UISupportedInterfaceOrientations_iPad = "UIInterfaceOrientationPortrait UIInterfaceOrientationPortraitUpsideDown UIInterfaceOrientationLandscapeLeft UIInterfaceOrientationLandscapeRight";
				INFOPLIST_KEY_UISupportedInterfaceOrientations_iPhone = "UIInterfaceOrientationPortrait UIInterfaceOrientationLandscapeLeft UIInterfaceOrientationLandscapeRight";
				LD_RUNPATH_SEARCH_PATHS = (
					"$(inherited)",
					"@executable_path/Frameworks",
				);
				MARKETING_VERSION = 1.0;
				PRODUCT_BUNDLE_IDENTIFIER = com.adapty.AdaptyDigitalClinic;
				PRODUCT_NAME = "$(TARGET_NAME)";
				SWIFT_EMIT_LOC_STRINGS = YES;
				SWIFT_VERSION = 5.0;
				TARGETED_DEVICE_FAMILY = "1,2";
			};
			name = Release;
		};
		845AF91C28C605D100012317 /* Debug */ = {
			isa = XCBuildConfiguration;
			buildSettings = {
				ALWAYS_EMBED_SWIFT_STANDARD_LIBRARIES = YES;
				BUNDLE_LOADER = "$(TEST_HOST)";
				CODE_SIGN_STYLE = Automatic;
				CURRENT_PROJECT_VERSION = 1;
				DEVELOPMENT_TEAM = ZVVTRM5HQ6;
				GENERATE_INFOPLIST_FILE = YES;
				IPHONEOS_DEPLOYMENT_TARGET = 15.5;
				MARKETING_VERSION = 1.0;
				PRODUCT_BUNDLE_IDENTIFIER = com.adapty.AdaptyDigitalClinicTests;
				PRODUCT_NAME = "$(TARGET_NAME)";
				SWIFT_EMIT_LOC_STRINGS = NO;
				SWIFT_VERSION = 5.0;
				TARGETED_DEVICE_FAMILY = "1,2";
				TEST_HOST = "$(BUILT_PRODUCTS_DIR)/AdaptyDigitalClinic.app/AdaptyDigitalClinic";
			};
			name = Debug;
		};
		845AF91D28C605D100012317 /* Release */ = {
			isa = XCBuildConfiguration;
			buildSettings = {
				ALWAYS_EMBED_SWIFT_STANDARD_LIBRARIES = YES;
				BUNDLE_LOADER = "$(TEST_HOST)";
				CODE_SIGN_STYLE = Automatic;
				CURRENT_PROJECT_VERSION = 1;
				DEVELOPMENT_TEAM = ZVVTRM5HQ6;
				GENERATE_INFOPLIST_FILE = YES;
				IPHONEOS_DEPLOYMENT_TARGET = 15.5;
				MARKETING_VERSION = 1.0;
				PRODUCT_BUNDLE_IDENTIFIER = com.adapty.AdaptyDigitalClinicTests;
				PRODUCT_NAME = "$(TARGET_NAME)";
				SWIFT_EMIT_LOC_STRINGS = NO;
				SWIFT_VERSION = 5.0;
				TARGETED_DEVICE_FAMILY = "1,2";
				TEST_HOST = "$(BUILT_PRODUCTS_DIR)/AdaptyDigitalClinic.app/AdaptyDigitalClinic";
			};
			name = Release;
		};
		845AF91F28C605D100012317 /* Debug */ = {
			isa = XCBuildConfiguration;
			buildSettings = {
				ALWAYS_EMBED_SWIFT_STANDARD_LIBRARIES = YES;
				CODE_SIGN_STYLE = Automatic;
				CURRENT_PROJECT_VERSION = 1;
				DEVELOPMENT_TEAM = ZVVTRM5HQ6;
				GENERATE_INFOPLIST_FILE = YES;
				MARKETING_VERSION = 1.0;
				PRODUCT_BUNDLE_IDENTIFIER = com.adapty.AdaptyDigitalClinicUITests;
				PRODUCT_NAME = "$(TARGET_NAME)";
				SWIFT_EMIT_LOC_STRINGS = NO;
				SWIFT_VERSION = 5.0;
				TARGETED_DEVICE_FAMILY = "1,2";
				TEST_TARGET_NAME = AdaptyDigitalClinic;
			};
			name = Debug;
		};
		845AF92028C605D100012317 /* Release */ = {
			isa = XCBuildConfiguration;
			buildSettings = {
				ALWAYS_EMBED_SWIFT_STANDARD_LIBRARIES = YES;
				CODE_SIGN_STYLE = Automatic;
				CURRENT_PROJECT_VERSION = 1;
				DEVELOPMENT_TEAM = ZVVTRM5HQ6;
				GENERATE_INFOPLIST_FILE = YES;
				MARKETING_VERSION = 1.0;
				PRODUCT_BUNDLE_IDENTIFIER = com.adapty.AdaptyDigitalClinicUITests;
				PRODUCT_NAME = "$(TARGET_NAME)";
				SWIFT_EMIT_LOC_STRINGS = NO;
				SWIFT_VERSION = 5.0;
				TARGETED_DEVICE_FAMILY = "1,2";
				TEST_TARGET_NAME = AdaptyDigitalClinic;
			};
			name = Release;
		};
/* End XCBuildConfiguration section */

/* Begin XCConfigurationList section */
		845AF8E928C605CF00012317 /* Build configuration list for PBXProject "AdaptyDigitalClinic" */ = {
			isa = XCConfigurationList;
			buildConfigurations = (
				845AF91628C605D100012317 /* Debug */,
				845AF91728C605D100012317 /* Release */,
			);
			defaultConfigurationIsVisible = 0;
			defaultConfigurationName = Release;
		};
		845AF91828C605D100012317 /* Build configuration list for PBXNativeTarget "AdaptyDigitalClinic" */ = {
			isa = XCConfigurationList;
			buildConfigurations = (
				845AF91928C605D100012317 /* Debug */,
				845AF91A28C605D100012317 /* Release */,
			);
			defaultConfigurationIsVisible = 0;
			defaultConfigurationName = Release;
		};
		845AF91B28C605D100012317 /* Build configuration list for PBXNativeTarget "AdaptyDigitalClinicTests" */ = {
			isa = XCConfigurationList;
			buildConfigurations = (
				845AF91C28C605D100012317 /* Debug */,
				845AF91D28C605D100012317 /* Release */,
			);
			defaultConfigurationIsVisible = 0;
			defaultConfigurationName = Release;
		};
		845AF91E28C605D100012317 /* Build configuration list for PBXNativeTarget "AdaptyDigitalClinicUITests" */ = {
			isa = XCConfigurationList;
			buildConfigurations = (
				845AF91F28C605D100012317 /* Debug */,
				845AF92028C605D100012317 /* Release */,
			);
			defaultConfigurationIsVisible = 0;
			defaultConfigurationName = Release;
		};
/* End XCConfigurationList section */
	};
	rootObject = 845AF8E628C605CF00012317 /* Project object */;
}
